// !$*UTF8*$!
{
	archiveVersion = 1;
	classes = {
	};
	objectVersion = 46;
	objects = {

/* Begin PBXBuildFile section */
		4F2E1EB0D58A4E5D86B4A354 /* Pods_HelloKit.framework in Frameworks */ = {isa = PBXBuildFile; fileRef = AFBFBEB527B6EB97DB3E29CB /* Pods_HelloKit.framework */; };
		731B618A1EAE192B00E6C851 /* Media.xcassets in Resources */ = {isa = PBXBuildFile; fileRef = 731B61891EAE192B00E6C851 /* Media.xcassets */; };
		731B618C1EAE1A3A00E6C851 /* HKUIImage+WeChat.swift in Sources */ = {isa = PBXBuildFile; fileRef = 731B618B1EAE1A3A00E6C851 /* HKUIImage+WeChat.swift */; };
		73F2E8B61EA9E10E00C01989 /* AppDelegate.swift in Sources */ = {isa = PBXBuildFile; fileRef = 73F2E8B51EA9E10E00C01989 /* AppDelegate.swift */; };
		73F2E8CC1EA9F80900C01989 /* Assets.xcassets in Resources */ = {isa = PBXBuildFile; fileRef = 73F2E8CA1EA9F80900C01989 /* Assets.xcassets */; };
		73F2E8CF1EA9F86B00C01989 /* Default-568h@2x.png in Resources */ = {isa = PBXBuildFile; fileRef = 73F2E8CE1EA9F86B00C01989 /* Default-568h@2x.png */; };
		73F2E8D31EA9FB7C00C01989 /* HKTabBar.swift in Sources */ = {isa = PBXBuildFile; fileRef = 73F2E8D21EA9FB7C00C01989 /* HKTabBar.swift */; };
		AC3F0E5F1F7F6C3A0013712C /* UIImageView+HKKingfisher.swift in Sources */ = {isa = PBXBuildFile; fileRef = AC3F0E5E1F7F6C3A0013712C /* UIImageView+HKKingfisher.swift */; };
		AC5276D01FB3017700335182 /* HKChatImageCell.swift in Sources */ = {isa = PBXBuildFile; fileRef = AC5276C61FB3017700335182 /* HKChatImageCell.swift */; };
		AC5276D11FB3017700335182 /* HKChatImageCell.xib in Resources */ = {isa = PBXBuildFile; fileRef = AC5276C71FB3017700335182 /* HKChatImageCell.xib */; };
		AC5276D21FB3017700335182 /* HKChatSystemCell.swift in Sources */ = {isa = PBXBuildFile; fileRef = AC5276C81FB3017700335182 /* HKChatSystemCell.swift */; };
		AC5276D31FB3017700335182 /* HKChatSystemCell.xib in Resources */ = {isa = PBXBuildFile; fileRef = AC5276C91FB3017700335182 /* HKChatSystemCell.xib */; };
		AC5276D41FB3017700335182 /* HKChatTextCell.swift in Sources */ = {isa = PBXBuildFile; fileRef = AC5276CA1FB3017700335182 /* HKChatTextCell.swift */; };
		AC5276D51FB3017700335182 /* HKChatTextCell.xib in Resources */ = {isa = PBXBuildFile; fileRef = AC5276CB1FB3017700335182 /* HKChatTextCell.xib */; };
		AC5276D61FB3017700335182 /* HKChatTimeCell.swift in Sources */ = {isa = PBXBuildFile; fileRef = AC5276CC1FB3017700335182 /* HKChatTimeCell.swift */; };
		AC5276D71FB3017700335182 /* HKChatTimeCell.xib in Resources */ = {isa = PBXBuildFile; fileRef = AC5276CD1FB3017700335182 /* HKChatTimeCell.xib */; };
		AC5276D81FB3017700335182 /* HKChatVoiceCell.swift in Sources */ = {isa = PBXBuildFile; fileRef = AC5276CE1FB3017700335182 /* HKChatVoiceCell.swift */; };
		AC5276D91FB3017700335182 /* HKChatVoiceCell.xib in Resources */ = {isa = PBXBuildFile; fileRef = AC5276CF1FB3017700335182 /* HKChatVoiceCell.xib */; };
		AC5B16ED1F989365002A5C85 /* contact.json in Resources */ = {isa = PBXBuildFile; fileRef = AC5B16EC1F989365002A5C85 /* contact.json */; };
		AC5B16F31F98A373002A5C85 /* HKDiscoverViewController.swift in Sources */ = {isa = PBXBuildFile; fileRef = AC5B16EF1F98A373002A5C85 /* HKDiscoverViewController.swift */; };
		AC5B16F41F98A373002A5C85 /* HKDiscoverViewController.xib in Resources */ = {isa = PBXBuildFile; fileRef = AC5B16F01F98A373002A5C85 /* HKDiscoverViewController.xib */; };
		AC5B16F61F98A389002A5C85 /* HKDiscoverModel.swift in Sources */ = {isa = PBXBuildFile; fileRef = AC5B16F51F98A389002A5C85 /* HKDiscoverModel.swift */; };
		AC5B16F91F98A3A7002A5C85 /* HKDiscoverTableViewCell.swift in Sources */ = {isa = PBXBuildFile; fileRef = AC5B16F71F98A3A7002A5C85 /* HKDiscoverTableViewCell.swift */; };
		AC5B16FA1F98A3A7002A5C85 /* HKDiscoverTableViewCell.xib in Resources */ = {isa = PBXBuildFile; fileRef = AC5B16F81F98A3A7002A5C85 /* HKDiscoverTableViewCell.xib */; };
		AC7AC2531F8CD0D5003EB12E /* HKTypealias.swift in Sources */ = {isa = PBXBuildFile; fileRef = AC7AC2521F8CD0D5003EB12E /* HKTypealias.swift */; };
		AC972A241F7DEB5F00BFB4E0 /* NSObject+String.swift in Sources */ = {isa = PBXBuildFile; fileRef = AC972A1F1F7DEB5F00BFB4E0 /* NSObject+String.swift */; };
		AC972A251F7DEB5F00BFB4E0 /* UIColor+HelloKit.swift in Sources */ = {isa = PBXBuildFile; fileRef = AC972A201F7DEB5F00BFB4E0 /* UIColor+HelloKit.swift */; };
		AC972A261F7DEB5F00BFB4E0 /* UIView+Frame.swift in Sources */ = {isa = PBXBuildFile; fileRef = AC972A211F7DEB5F00BFB4E0 /* UIView+Frame.swift */; };
		AC972A271F7DEB5F00BFB4E0 /* UIViewController+Extension.swift in Sources */ = {isa = PBXBuildFile; fileRef = AC972A221F7DEB5F00BFB4E0 /* UIViewController+Extension.swift */; };
		AC972A2A1F7DEBC800BFB4E0 /* HKMessageEnum.swift in Sources */ = {isa = PBXBuildFile; fileRef = AC972A291F7DEBC800BFB4E0 /* HKMessageEnum.swift */; };
		AC972A7E1F7E36A900DEDEE7 /* HKTransformer.swift in Sources */ = {isa = PBXBuildFile; fileRef = AC972A7D1F7E36A900DEDEE7 /* HKTransformer.swift */; };
		AC972A801F7E422700DEDEE7 /* NSDate+Extension.swift in Sources */ = {isa = PBXBuildFile; fileRef = AC972A7F1F7E422700DEDEE7 /* NSDate+Extension.swift */; };
		ACA7112B1F8DB61900B95C35 /* HKLogger.swift in Sources */ = {isa = PBXBuildFile; fileRef = ACA7112A1F8DB61900B95C35 /* HKLogger.swift */; };
		ACB829991F8E064500BC8100 /* HKMessageViewController.swift in Sources */ = {isa = PBXBuildFile; fileRef = ACB829921F8E064500BC8100 /* HKMessageViewController.swift */; };
		ACB8299A1F8E064500BC8100 /* HKMessageViewController.xib in Resources */ = {isa = PBXBuildFile; fileRef = ACB829931F8E064500BC8100 /* HKMessageViewController.xib */; };
		ACB8299B1F8E064500BC8100 /* HKMessageModel.swift in Sources */ = {isa = PBXBuildFile; fileRef = ACB829951F8E064500BC8100 /* HKMessageModel.swift */; };
		ACB8299C1F8E064500BC8100 /* HKMessageTableViewCell.swift in Sources */ = {isa = PBXBuildFile; fileRef = ACB829971F8E064500BC8100 /* HKMessageTableViewCell.swift */; };
		ACB8299D1F8E064500BC8100 /* HKMessageTableViewCell.xib in Resources */ = {isa = PBXBuildFile; fileRef = ACB829981F8E064500BC8100 /* HKMessageTableViewCell.xib */; };
		ACB829A21F8E104400BC8100 /* HKChatViewController.swift in Sources */ = {isa = PBXBuildFile; fileRef = ACB829A01F8E104400BC8100 /* HKChatViewController.swift */; };
		ACB829A31F8E104400BC8100 /* HKChatViewController.xib in Resources */ = {isa = PBXBuildFile; fileRef = ACB829A11F8E104400BC8100 /* HKChatViewController.xib */; };
		ACC3063B1FB05E10001474E3 /* HKChatViewController+DataHandler.swift in Sources */ = {isa = PBXBuildFile; fileRef = ACC3063A1FB05E10001474E3 /* HKChatViewController+DataHandler.swift */; };
		ACC3063D1FB070CE001474E3 /* UITableView+ChatAdditions.swift in Sources */ = {isa = PBXBuildFile; fileRef = ACC3063C1FB070CE001474E3 /* UITableView+ChatAdditions.swift */; };
		ACC4DC4D1FB446F900EB887F /* HKChatTextCell+Constant.swift in Sources */ = {isa = PBXBuildFile; fileRef = ACC4DC4C1FB446F900EB887F /* HKChatTextCell+Constant.swift */; };
		ACD91CA01F905D8100933693 /* HKChatViewController+CellEnums.swift in Sources */ = {isa = PBXBuildFile; fileRef = ACD91C9F1F905D8100933693 /* HKChatViewController+CellEnums.swift */; };
		ACD91CA21F908DD800933693 /* message.json in Resources */ = {isa = PBXBuildFile; fileRef = ACD91CA11F908DD800933693 /* message.json */; };
		ACD9602F1F8F0E290025BFB6 /* HKChatModel.swift in Sources */ = {isa = PBXBuildFile; fileRef = ACD9602E1F8F0E290025BFB6 /* HKChatModel.swift */; };
		ACD960311F8F10120025BFB6 /* HKChatAudioModel.swift in Sources */ = {isa = PBXBuildFile; fileRef = ACD960301F8F10120025BFB6 /* HKChatAudioModel.swift */; };
		ACD960331F8F10510025BFB6 /* HKChatSubModel.swift in Sources */ = {isa = PBXBuildFile; fileRef = ACD960321F8F10510025BFB6 /* HKChatSubModel.swift */; };
		ACD960351F8F34E80025BFB6 /* HKChatImageModel.swift in Sources */ = {isa = PBXBuildFile; fileRef = ACD960341F8F34E80025BFB6 /* HKChatImageModel.swift */; };
		ACD960381F8F375F0025BFB6 /* HKImageFilesManager.swift in Sources */ = {isa = PBXBuildFile; fileRef = ACD960371F8F375F0025BFB6 /* HKImageFilesManager.swift */; };
		ACD9603F1F8F4A230025BFB6 /* HKUserManager.swift in Sources */ = {isa = PBXBuildFile; fileRef = ACD9603D1F8F4A230025BFB6 /* HKUserManager.swift */; };
		ACD960411F8F4A4D0025BFB6 /* HKConfig.swift in Sources */ = {isa = PBXBuildFile; fileRef = ACD960401F8F4A4D0025BFB6 /* HKConfig.swift */; };
		ACD960431F8F4A590025BFB6 /* HKAppMacros.swift in Sources */ = {isa = PBXBuildFile; fileRef = ACD960421F8F4A590025BFB6 /* HKAppMacros.swift */; };
		ACD960471F8F55F20025BFB6 /* HKChatCellDelegate.swift in Sources */ = {isa = PBXBuildFile; fileRef = ACD960461F8F55F20025BFB6 /* HKChatCellDelegate.swift */; };
		ACDA6B761F99DB3200EB01A7 /* HKMeViewController.swift in Sources */ = {isa = PBXBuildFile; fileRef = ACDA6B721F99DB3200EB01A7 /* HKMeViewController.swift */; };
		ACDA6B771F99DB3200EB01A7 /* HKMeViewController.xib in Resources */ = {isa = PBXBuildFile; fileRef = ACDA6B731F99DB3200EB01A7 /* HKMeViewController.xib */; };
		ACDA6B7E1F99DB9000EB01A7 /* HKMyDetailTableViewCell.swift in Sources */ = {isa = PBXBuildFile; fileRef = ACDA6B7C1F99DB9000EB01A7 /* HKMyDetailTableViewCell.swift */; };
		ACDA6B7F1F99DB9000EB01A7 /* HKMyDetailTableViewCell.xib in Resources */ = {isa = PBXBuildFile; fileRef = ACDA6B7D1F99DB9000EB01A7 /* HKMyDetailTableViewCell.xib */; };
		ACEE9E8E1FA8831C006A61B2 /* HKChatViewController+Subviews.swift in Sources */ = {isa = PBXBuildFile; fileRef = ACEE9E8D1FA8831C006A61B2 /* HKChatViewController+Subviews.swift */; };
		ACEE9E901FA8853D006A61B2 /* HKChatViewController+Delegate.swift in Sources */ = {isa = PBXBuildFile; fileRef = ACEE9E8F1FA8853D006A61B2 /* HKChatViewController+Delegate.swift */; };
		ACEE9E921FA99933006A61B2 /* HKChatViewController+Keyboard.swift in Sources */ = {isa = PBXBuildFile; fileRef = ACEE9E911FA99933006A61B2 /* HKChatViewController+Keyboard.swift */; };
		ACEE9E941FA9995E006A61B2 /* HKChatViewController+ActionBar.swift in Sources */ = {isa = PBXBuildFile; fileRef = ACEE9E931FA9995E006A61B2 /* HKChatViewController+ActionBar.swift */; };
		ACEE9E981FA99ADB006A61B2 /* HKChatViewController+Sender.swift in Sources */ = {isa = PBXBuildFile; fileRef = ACEE9E971FA99ADB006A61B2 /* HKChatViewController+Sender.swift */; };
		ACEE9E9A1FA9BCF8006A61B2 /* HKChatActionBarView.swift in Sources */ = {isa = PBXBuildFile; fileRef = ACEE9E991FA9BCF8006A61B2 /* HKChatActionBarView.swift */; };
		ACEE9EA21FA9BD2C006A61B2 /* HKChatBaseCell.swift in Sources */ = {isa = PBXBuildFile; fileRef = ACEE9E9C1FA9BD2C006A61B2 /* HKChatBaseCell.swift */; };
		ACEE9EA91FA9BD43006A61B2 /* HKChatActionBarView.xib in Resources */ = {isa = PBXBuildFile; fileRef = ACEE9EA81FA9BD43006A61B2 /* HKChatActionBarView.xib */; };
		ACEE9EAB1FA9C50D006A61B2 /* HKChatButton.swift in Sources */ = {isa = PBXBuildFile; fileRef = ACEE9EAA1FA9C50D006A61B2 /* HKChatButton.swift */; };
		ACEE9EAD1FA9C527006A61B2 /* HKChatButton+UI.swift in Sources */ = {isa = PBXBuildFile; fileRef = ACEE9EAC1FA9C527006A61B2 /* HKChatButton+UI.swift */; };
		ACF1CF6E1F90A4CB00D63E83 /* HKContactViewController.swift in Sources */ = {isa = PBXBuildFile; fileRef = ACF1CF691F90A4CB00D63E83 /* HKContactViewController.swift */; };
		ACF1CF6F1F90A4CB00D63E83 /* HKContactViewController.xib in Resources */ = {isa = PBXBuildFile; fileRef = ACF1CF6A1F90A4CB00D63E83 /* HKContactViewController.xib */; };
		ACF1CF721F90A4F600D63E83 /* HKContactTableViewCell.swift in Sources */ = {isa = PBXBuildFile; fileRef = ACF1CF701F90A4F600D63E83 /* HKContactTableViewCell.swift */; };
		ACF1CF731F90A4F600D63E83 /* HKContactTableViewCell.xib in Resources */ = {isa = PBXBuildFile; fileRef = ACF1CF711F90A4F600D63E83 /* HKContactTableViewCell.xib */; };
		ACF1CF771F90AEBB00D63E83 /* HKContactModel.swift in Sources */ = {isa = PBXBuildFile; fileRef = ACF1CF761F90AEBB00D63E83 /* HKContactModel.swift */; };
		ACF1CF791F90BE8300D63E83 /* NSDictionary+HKExtension.swift in Sources */ = {isa = PBXBuildFile; fileRef = ACF1CF781F90BE8300D63E83 /* NSDictionary+HKExtension.swift */; };
		ACF81A481FB573CE0094D6B2 /* HKChatTextParser.swift in Sources */ = {isa = PBXBuildFile; fileRef = ACF81A471FB573CE0094D6B2 /* HKChatTextParser.swift */; };
		ACF81A4C1FB5A4A10094D6B2 /* HKChatEmojiDictionary.swift in Sources */ = {isa = PBXBuildFile; fileRef = ACF81A4B1FB5A4A10094D6B2 /* HKChatEmojiDictionary.swift */; };
		ACFCA8DB1FB938480046ED14 /* HKYYTextLinePositionModifier.swift in Sources */ = {isa = PBXBuildFile; fileRef = ACFCA8DA1FB938480046ED14 /* HKYYTextLinePositionModifier.swift */; };
/* End PBXBuildFile section */

/* Begin PBXFileReference section */
		731B61891EAE192B00E6C851 /* Media.xcassets */ = {isa = PBXFileReference; lastKnownFileType = folder.assetcatalog; path = Media.xcassets; sourceTree = "<group>"; };
		731B618B1EAE1A3A00E6C851 /* HKUIImage+WeChat.swift */ = {isa = PBXFileReference; fileEncoding = 4; lastKnownFileType = sourcecode.swift; path = "HKUIImage+WeChat.swift"; sourceTree = "<group>"; };
		731B619F1EAF504A00E6C851 /* Tips.playground */ = {isa = PBXFileReference; lastKnownFileType = file.playground; path = Tips.playground; sourceTree = "<group>"; };
		73F2E8B21EA9E10E00C01989 /* HelloKit.app */ = {isa = PBXFileReference; explicitFileType = wrapper.application; includeInIndex = 0; path = HelloKit.app; sourceTree = BUILT_PRODUCTS_DIR; };
		73F2E8B51EA9E10E00C01989 /* AppDelegate.swift */ = {isa = PBXFileReference; lastKnownFileType = sourcecode.swift; path = AppDelegate.swift; sourceTree = "<group>"; };
		73F2E8CA1EA9F80900C01989 /* Assets.xcassets */ = {isa = PBXFileReference; lastKnownFileType = folder.assetcatalog; path = Assets.xcassets; sourceTree = "<group>"; };
		73F2E8CB1EA9F80900C01989 /* Info.plist */ = {isa = PBXFileReference; fileEncoding = 4; lastKnownFileType = text.plist.xml; path = Info.plist; sourceTree = "<group>"; };
		73F2E8CE1EA9F86B00C01989 /* Default-568h@2x.png */ = {isa = PBXFileReference; lastKnownFileType = image.png; name = "Default-568h@2x.png"; path = "../../Default-568h@2x.png"; sourceTree = "<group>"; };
		73F2E8D21EA9FB7C00C01989 /* HKTabBar.swift */ = {isa = PBXFileReference; fileEncoding = 4; lastKnownFileType = sourcecode.swift; path = HKTabBar.swift; sourceTree = "<group>"; };
		8BF5471A8FB98D97BF1775F1 /* Pods-HelloKit.release.xcconfig */ = {isa = PBXFileReference; includeInIndex = 1; lastKnownFileType = text.xcconfig; name = "Pods-HelloKit.release.xcconfig"; path = "Pods/Target Support Files/Pods-HelloKit/Pods-HelloKit.release.xcconfig"; sourceTree = "<group>"; };
		AC3F0E5E1F7F6C3A0013712C /* UIImageView+HKKingfisher.swift */ = {isa = PBXFileReference; fileEncoding = 4; lastKnownFileType = sourcecode.swift; path = "UIImageView+HKKingfisher.swift"; sourceTree = "<group>"; };
		AC5276C61FB3017700335182 /* HKChatImageCell.swift */ = {isa = PBXFileReference; fileEncoding = 4; lastKnownFileType = sourcecode.swift; path = HKChatImageCell.swift; sourceTree = "<group>"; };
		AC5276C71FB3017700335182 /* HKChatImageCell.xib */ = {isa = PBXFileReference; fileEncoding = 4; lastKnownFileType = file.xib; path = HKChatImageCell.xib; sourceTree = "<group>"; };
		AC5276C81FB3017700335182 /* HKChatSystemCell.swift */ = {isa = PBXFileReference; fileEncoding = 4; lastKnownFileType = sourcecode.swift; path = HKChatSystemCell.swift; sourceTree = "<group>"; };
		AC5276C91FB3017700335182 /* HKChatSystemCell.xib */ = {isa = PBXFileReference; fileEncoding = 4; lastKnownFileType = file.xib; path = HKChatSystemCell.xib; sourceTree = "<group>"; };
		AC5276CA1FB3017700335182 /* HKChatTextCell.swift */ = {isa = PBXFileReference; fileEncoding = 4; lastKnownFileType = sourcecode.swift; path = HKChatTextCell.swift; sourceTree = "<group>"; };
		AC5276CB1FB3017700335182 /* HKChatTextCell.xib */ = {isa = PBXFileReference; fileEncoding = 4; lastKnownFileType = file.xib; path = HKChatTextCell.xib; sourceTree = "<group>"; };
		AC5276CC1FB3017700335182 /* HKChatTimeCell.swift */ = {isa = PBXFileReference; fileEncoding = 4; lastKnownFileType = sourcecode.swift; path = HKChatTimeCell.swift; sourceTree = "<group>"; };
		AC5276CD1FB3017700335182 /* HKChatTimeCell.xib */ = {isa = PBXFileReference; fileEncoding = 4; lastKnownFileType = file.xib; path = HKChatTimeCell.xib; sourceTree = "<group>"; };
		AC5276CE1FB3017700335182 /* HKChatVoiceCell.swift */ = {isa = PBXFileReference; fileEncoding = 4; lastKnownFileType = sourcecode.swift; path = HKChatVoiceCell.swift; sourceTree = "<group>"; };
		AC5276CF1FB3017700335182 /* HKChatVoiceCell.xib */ = {isa = PBXFileReference; fileEncoding = 4; lastKnownFileType = file.xib; path = HKChatVoiceCell.xib; sourceTree = "<group>"; };
		AC5B16EC1F989365002A5C85 /* contact.json */ = {isa = PBXFileReference; fileEncoding = 4; lastKnownFileType = text.json; path = contact.json; sourceTree = "<group>"; };
		AC5B16EF1F98A373002A5C85 /* HKDiscoverViewController.swift */ = {isa = PBXFileReference; fileEncoding = 4; lastKnownFileType = sourcecode.swift; path = HKDiscoverViewController.swift; sourceTree = "<group>"; };
		AC5B16F01F98A373002A5C85 /* HKDiscoverViewController.xib */ = {isa = PBXFileReference; fileEncoding = 4; lastKnownFileType = file.xib; path = HKDiscoverViewController.xib; sourceTree = "<group>"; };
		AC5B16F51F98A389002A5C85 /* HKDiscoverModel.swift */ = {isa = PBXFileReference; fileEncoding = 4; lastKnownFileType = sourcecode.swift; path = HKDiscoverModel.swift; sourceTree = "<group>"; };
		AC5B16F71F98A3A7002A5C85 /* HKDiscoverTableViewCell.swift */ = {isa = PBXFileReference; fileEncoding = 4; lastKnownFileType = sourcecode.swift; path = HKDiscoverTableViewCell.swift; sourceTree = "<group>"; };
		AC5B16F81F98A3A7002A5C85 /* HKDiscoverTableViewCell.xib */ = {isa = PBXFileReference; fileEncoding = 4; lastKnownFileType = file.xib; path = HKDiscoverTableViewCell.xib; sourceTree = "<group>"; };
		AC7AC2521F8CD0D5003EB12E /* HKTypealias.swift */ = {isa = PBXFileReference; fileEncoding = 4; lastKnownFileType = sourcecode.swift; path = HKTypealias.swift; sourceTree = "<group>"; };
		AC972A1F1F7DEB5F00BFB4E0 /* NSObject+String.swift */ = {isa = PBXFileReference; fileEncoding = 4; lastKnownFileType = sourcecode.swift; path = "NSObject+String.swift"; sourceTree = "<group>"; };
		AC972A201F7DEB5F00BFB4E0 /* UIColor+HelloKit.swift */ = {isa = PBXFileReference; fileEncoding = 4; lastKnownFileType = sourcecode.swift; path = "UIColor+HelloKit.swift"; sourceTree = "<group>"; };
		AC972A211F7DEB5F00BFB4E0 /* UIView+Frame.swift */ = {isa = PBXFileReference; fileEncoding = 4; lastKnownFileType = sourcecode.swift; path = "UIView+Frame.swift"; sourceTree = "<group>"; };
		AC972A221F7DEB5F00BFB4E0 /* UIViewController+Extension.swift */ = {isa = PBXFileReference; fileEncoding = 4; lastKnownFileType = sourcecode.swift; path = "UIViewController+Extension.swift"; sourceTree = "<group>"; };
		AC972A291F7DEBC800BFB4E0 /* HKMessageEnum.swift */ = {isa = PBXFileReference; fileEncoding = 4; lastKnownFileType = sourcecode.swift; path = HKMessageEnum.swift; sourceTree = "<group>"; };
		AC972A7D1F7E36A900DEDEE7 /* HKTransformer.swift */ = {isa = PBXFileReference; fileEncoding = 4; lastKnownFileType = sourcecode.swift; path = HKTransformer.swift; sourceTree = "<group>"; };
		AC972A7F1F7E422700DEDEE7 /* NSDate+Extension.swift */ = {isa = PBXFileReference; fileEncoding = 4; lastKnownFileType = sourcecode.swift; path = "NSDate+Extension.swift"; sourceTree = "<group>"; };
		ACA7112A1F8DB61900B95C35 /* HKLogger.swift */ = {isa = PBXFileReference; fileEncoding = 4; lastKnownFileType = sourcecode.swift; path = HKLogger.swift; sourceTree = "<group>"; };
		ACB829921F8E064500BC8100 /* HKMessageViewController.swift */ = {isa = PBXFileReference; fileEncoding = 4; lastKnownFileType = sourcecode.swift; path = HKMessageViewController.swift; sourceTree = "<group>"; };
		ACB829931F8E064500BC8100 /* HKMessageViewController.xib */ = {isa = PBXFileReference; fileEncoding = 4; lastKnownFileType = file.xib; path = HKMessageViewController.xib; sourceTree = "<group>"; };
		ACB829951F8E064500BC8100 /* HKMessageModel.swift */ = {isa = PBXFileReference; fileEncoding = 4; lastKnownFileType = sourcecode.swift; path = HKMessageModel.swift; sourceTree = "<group>"; };
		ACB829971F8E064500BC8100 /* HKMessageTableViewCell.swift */ = {isa = PBXFileReference; fileEncoding = 4; lastKnownFileType = sourcecode.swift; path = HKMessageTableViewCell.swift; sourceTree = "<group>"; };
		ACB829981F8E064500BC8100 /* HKMessageTableViewCell.xib */ = {isa = PBXFileReference; fileEncoding = 4; lastKnownFileType = file.xib; path = HKMessageTableViewCell.xib; sourceTree = "<group>"; };
		ACB829A01F8E104400BC8100 /* HKChatViewController.swift */ = {isa = PBXFileReference; fileEncoding = 4; lastKnownFileType = sourcecode.swift; path = HKChatViewController.swift; sourceTree = "<group>"; };
		ACB829A11F8E104400BC8100 /* HKChatViewController.xib */ = {isa = PBXFileReference; fileEncoding = 4; lastKnownFileType = file.xib; path = HKChatViewController.xib; sourceTree = "<group>"; };
		ACC3063A1FB05E10001474E3 /* HKChatViewController+DataHandler.swift */ = {isa = PBXFileReference; fileEncoding = 4; lastKnownFileType = sourcecode.swift; path = "HKChatViewController+DataHandler.swift"; sourceTree = "<group>"; };
		ACC3063C1FB070CE001474E3 /* UITableView+ChatAdditions.swift */ = {isa = PBXFileReference; fileEncoding = 4; lastKnownFileType = sourcecode.swift; path = "UITableView+ChatAdditions.swift"; sourceTree = "<group>"; };
		ACC4DC4C1FB446F900EB887F /* HKChatTextCell+Constant.swift */ = {isa = PBXFileReference; fileEncoding = 4; lastKnownFileType = sourcecode.swift; path = "HKChatTextCell+Constant.swift"; sourceTree = "<group>"; };
		ACD91C9F1F905D8100933693 /* HKChatViewController+CellEnums.swift */ = {isa = PBXFileReference; fileEncoding = 4; lastKnownFileType = sourcecode.swift; path = "HKChatViewController+CellEnums.swift"; sourceTree = "<group>"; };
		ACD91CA11F908DD800933693 /* message.json */ = {isa = PBXFileReference; fileEncoding = 4; lastKnownFileType = text.json; path = message.json; sourceTree = "<group>"; };
		ACD9602E1F8F0E290025BFB6 /* HKChatModel.swift */ = {isa = PBXFileReference; fileEncoding = 4; lastKnownFileType = sourcecode.swift; path = HKChatModel.swift; sourceTree = "<group>"; };
		ACD960301F8F10120025BFB6 /* HKChatAudioModel.swift */ = {isa = PBXFileReference; fileEncoding = 4; lastKnownFileType = sourcecode.swift; path = HKChatAudioModel.swift; sourceTree = "<group>"; };
		ACD960321F8F10510025BFB6 /* HKChatSubModel.swift */ = {isa = PBXFileReference; fileEncoding = 4; lastKnownFileType = sourcecode.swift; path = HKChatSubModel.swift; sourceTree = "<group>"; };
		ACD960341F8F34E80025BFB6 /* HKChatImageModel.swift */ = {isa = PBXFileReference; fileEncoding = 4; lastKnownFileType = sourcecode.swift; path = HKChatImageModel.swift; sourceTree = "<group>"; };
		ACD960371F8F375F0025BFB6 /* HKImageFilesManager.swift */ = {isa = PBXFileReference; fileEncoding = 4; lastKnownFileType = sourcecode.swift; path = HKImageFilesManager.swift; sourceTree = "<group>"; };
		ACD9603D1F8F4A230025BFB6 /* HKUserManager.swift */ = {isa = PBXFileReference; fileEncoding = 4; lastKnownFileType = sourcecode.swift; path = HKUserManager.swift; sourceTree = "<group>"; };
		ACD960401F8F4A4D0025BFB6 /* HKConfig.swift */ = {isa = PBXFileReference; fileEncoding = 4; lastKnownFileType = sourcecode.swift; path = HKConfig.swift; sourceTree = "<group>"; };
		ACD960421F8F4A590025BFB6 /* HKAppMacros.swift */ = {isa = PBXFileReference; fileEncoding = 4; lastKnownFileType = sourcecode.swift; path = HKAppMacros.swift; sourceTree = "<group>"; };
		ACD960461F8F55F20025BFB6 /* HKChatCellDelegate.swift */ = {isa = PBXFileReference; fileEncoding = 4; lastKnownFileType = sourcecode.swift; path = HKChatCellDelegate.swift; sourceTree = "<group>"; };
		ACDA6B721F99DB3200EB01A7 /* HKMeViewController.swift */ = {isa = PBXFileReference; fileEncoding = 4; lastKnownFileType = sourcecode.swift; path = HKMeViewController.swift; sourceTree = "<group>"; };
		ACDA6B731F99DB3200EB01A7 /* HKMeViewController.xib */ = {isa = PBXFileReference; fileEncoding = 4; lastKnownFileType = file.xib; path = HKMeViewController.xib; sourceTree = "<group>"; };
		ACDA6B7C1F99DB9000EB01A7 /* HKMyDetailTableViewCell.swift */ = {isa = PBXFileReference; fileEncoding = 4; lastKnownFileType = sourcecode.swift; path = HKMyDetailTableViewCell.swift; sourceTree = "<group>"; };
		ACDA6B7D1F99DB9000EB01A7 /* HKMyDetailTableViewCell.xib */ = {isa = PBXFileReference; fileEncoding = 4; lastKnownFileType = file.xib; path = HKMyDetailTableViewCell.xib; sourceTree = "<group>"; };
		ACEE9E8D1FA8831C006A61B2 /* HKChatViewController+Subviews.swift */ = {isa = PBXFileReference; fileEncoding = 4; lastKnownFileType = sourcecode.swift; path = "HKChatViewController+Subviews.swift"; sourceTree = "<group>"; };
		ACEE9E8F1FA8853D006A61B2 /* HKChatViewController+Delegate.swift */ = {isa = PBXFileReference; fileEncoding = 4; lastKnownFileType = sourcecode.swift; path = "HKChatViewController+Delegate.swift"; sourceTree = "<group>"; };
		ACEE9E911FA99933006A61B2 /* HKChatViewController+Keyboard.swift */ = {isa = PBXFileReference; fileEncoding = 4; lastKnownFileType = sourcecode.swift; path = "HKChatViewController+Keyboard.swift"; sourceTree = "<group>"; };
		ACEE9E931FA9995E006A61B2 /* HKChatViewController+ActionBar.swift */ = {isa = PBXFileReference; fileEncoding = 4; lastKnownFileType = sourcecode.swift; path = "HKChatViewController+ActionBar.swift"; sourceTree = "<group>"; };
		ACEE9E971FA99ADB006A61B2 /* HKChatViewController+Sender.swift */ = {isa = PBXFileReference; fileEncoding = 4; lastKnownFileType = sourcecode.swift; path = "HKChatViewController+Sender.swift"; sourceTree = "<group>"; };
		ACEE9E991FA9BCF8006A61B2 /* HKChatActionBarView.swift */ = {isa = PBXFileReference; fileEncoding = 4; lastKnownFileType = sourcecode.swift; path = HKChatActionBarView.swift; sourceTree = "<group>"; };
		ACEE9E9C1FA9BD2C006A61B2 /* HKChatBaseCell.swift */ = {isa = PBXFileReference; fileEncoding = 4; lastKnownFileType = sourcecode.swift; path = HKChatBaseCell.swift; sourceTree = "<group>"; };
		ACEE9EA81FA9BD43006A61B2 /* HKChatActionBarView.xib */ = {isa = PBXFileReference; fileEncoding = 4; lastKnownFileType = file.xib; path = HKChatActionBarView.xib; sourceTree = "<group>"; };
		ACEE9EAA1FA9C50D006A61B2 /* HKChatButton.swift */ = {isa = PBXFileReference; fileEncoding = 4; lastKnownFileType = sourcecode.swift; path = HKChatButton.swift; sourceTree = "<group>"; };
		ACEE9EAC1FA9C527006A61B2 /* HKChatButton+UI.swift */ = {isa = PBXFileReference; fileEncoding = 4; lastKnownFileType = sourcecode.swift; path = "HKChatButton+UI.swift"; sourceTree = "<group>"; };
		ACF1CF691F90A4CB00D63E83 /* HKContactViewController.swift */ = {isa = PBXFileReference; fileEncoding = 4; lastKnownFileType = sourcecode.swift; path = HKContactViewController.swift; sourceTree = "<group>"; };
		ACF1CF6A1F90A4CB00D63E83 /* HKContactViewController.xib */ = {isa = PBXFileReference; fileEncoding = 4; lastKnownFileType = file.xib; path = HKContactViewController.xib; sourceTree = "<group>"; };
		ACF1CF701F90A4F600D63E83 /* HKContactTableViewCell.swift */ = {isa = PBXFileReference; fileEncoding = 4; lastKnownFileType = sourcecode.swift; path = HKContactTableViewCell.swift; sourceTree = "<group>"; };
		ACF1CF711F90A4F600D63E83 /* HKContactTableViewCell.xib */ = {isa = PBXFileReference; fileEncoding = 4; lastKnownFileType = file.xib; path = HKContactTableViewCell.xib; sourceTree = "<group>"; };
		ACF1CF761F90AEBB00D63E83 /* HKContactModel.swift */ = {isa = PBXFileReference; fileEncoding = 4; lastKnownFileType = sourcecode.swift; path = HKContactModel.swift; sourceTree = "<group>"; };
		ACF1CF781F90BE8300D63E83 /* NSDictionary+HKExtension.swift */ = {isa = PBXFileReference; fileEncoding = 4; lastKnownFileType = sourcecode.swift; path = "NSDictionary+HKExtension.swift"; sourceTree = "<group>"; };
		ACF81A471FB573CE0094D6B2 /* HKChatTextParser.swift */ = {isa = PBXFileReference; fileEncoding = 4; lastKnownFileType = sourcecode.swift; path = HKChatTextParser.swift; sourceTree = "<group>"; };
		ACF81A4B1FB5A4A10094D6B2 /* HKChatEmojiDictionary.swift */ = {isa = PBXFileReference; fileEncoding = 4; lastKnownFileType = sourcecode.swift; path = HKChatEmojiDictionary.swift; sourceTree = "<group>"; };
		ACFCA8DA1FB938480046ED14 /* HKYYTextLinePositionModifier.swift */ = {isa = PBXFileReference; fileEncoding = 4; lastKnownFileType = sourcecode.swift; path = HKYYTextLinePositionModifier.swift; sourceTree = "<group>"; };
		AFBFBEB527B6EB97DB3E29CB /* Pods_HelloKit.framework */ = {isa = PBXFileReference; explicitFileType = wrapper.framework; includeInIndex = 0; path = Pods_HelloKit.framework; sourceTree = BUILT_PRODUCTS_DIR; };
		FC33EDF2CCC779840CB196B2 /* Pods-HelloKit.debug.xcconfig */ = {isa = PBXFileReference; includeInIndex = 1; lastKnownFileType = text.xcconfig; name = "Pods-HelloKit.debug.xcconfig"; path = "Pods/Target Support Files/Pods-HelloKit/Pods-HelloKit.debug.xcconfig"; sourceTree = "<group>"; };
/* End PBXFileReference section */

/* Begin PBXFrameworksBuildPhase section */
		73F2E8AF1EA9E10E00C01989 /* Frameworks */ = {
			isa = PBXFrameworksBuildPhase;
			buildActionMask = 2147483647;
			files = (
				4F2E1EB0D58A4E5D86B4A354 /* Pods_HelloKit.framework in Frameworks */,
			);
			runOnlyForDeploymentPostprocessing = 0;
		};
/* End PBXFrameworksBuildPhase section */

/* Begin PBXGroup section */
		02F6906A9112E8A62870927F /* Pods */ = {
			isa = PBXGroup;
			children = (
				FC33EDF2CCC779840CB196B2 /* Pods-HelloKit.debug.xcconfig */,
				8BF5471A8FB98D97BF1775F1 /* Pods-HelloKit.release.xcconfig */,
			);
			name = Pods;
			sourceTree = "<group>";
		};
		731B618D1EAE1DF400E6C851 /* Chat */ = {
			isa = PBXGroup;
			children = (
				ACD960361F8F36750025BFB6 /* Handler */,
				731B61B71EB495F600E6C851 /* Controllers */,
				731B61B81EB495F600E6C851 /* Models */,
				731B61B91EB495F600E6C851 /* Views */,
			);
			path = Chat;
			sourceTree = "<group>";
		};
		731B618E1EAE1DF400E6C851 /* Contacts */ = {
			isa = PBXGroup;
			children = (
				ACF1CF681F90A4CB00D63E83 /* Controller */,
				ACF1CF6B1F90A4CB00D63E83 /* Handler */,
				ACF1CF6C1F90A4CB00D63E83 /* Models */,
				ACF1CF6D1F90A4CB00D63E83 /* Views */,
			);
			path = Contacts;
			sourceTree = "<group>";
		};
		731B618F1EAE1DF400E6C851 /* Discover */ = {
			isa = PBXGroup;
			children = (
				AC5B16EE1F98A373002A5C85 /* Controller */,
				AC5B16F11F98A373002A5C85 /* Model */,
				AC5B16F21F98A373002A5C85 /* View */,
			);
			path = Discover;
			sourceTree = "<group>";
		};
		731B61A71EB369AE00E6C851 /* Me */ = {
			isa = PBXGroup;
			children = (
				ACDA6B711F99DB3200EB01A7 /* Controller */,
				ACDA6B741F99DB3200EB01A7 /* Models */,
				ACDA6B751F99DB3200EB01A7 /* Views */,
			);
			name = Me;
			path = HelloKit/Classes/Me;
			sourceTree = SOURCE_ROOT;
		};
		731B61B71EB495F600E6C851 /* Controllers */ = {
			isa = PBXGroup;
			children = (
				ACD91C9E1F905D5900933693 /* Helper */,
				ACB829A01F8E104400BC8100 /* HKChatViewController.swift */,
				ACC3063A1FB05E10001474E3 /* HKChatViewController+DataHandler.swift */,
				ACEE9E911FA99933006A61B2 /* HKChatViewController+Keyboard.swift */,
				ACEE9E931FA9995E006A61B2 /* HKChatViewController+ActionBar.swift */,
				ACEE9E971FA99ADB006A61B2 /* HKChatViewController+Sender.swift */,
				ACEE9E8D1FA8831C006A61B2 /* HKChatViewController+Subviews.swift */,
				ACEE9E8F1FA8853D006A61B2 /* HKChatViewController+Delegate.swift */,
				ACB829A11F8E104400BC8100 /* HKChatViewController.xib */,
			);
			path = Controllers;
			sourceTree = "<group>";
		};
		731B61B81EB495F600E6C851 /* Models */ = {
			isa = PBXGroup;
			children = (
				ACD9602E1F8F0E290025BFB6 /* HKChatModel.swift */,
				ACD960301F8F10120025BFB6 /* HKChatAudioModel.swift */,
				ACD960321F8F10510025BFB6 /* HKChatSubModel.swift */,
				ACD960341F8F34E80025BFB6 /* HKChatImageModel.swift */,
			);
			path = Models;
			sourceTree = "<group>";
		};
		731B61B91EB495F600E6C851 /* Views */ = {
			isa = PBXGroup;
			children = (
				ACEE9E9B1FA9BD2C006A61B2 /* Cells */,
				ACEE9E991FA9BCF8006A61B2 /* HKChatActionBarView.swift */,
				ACEE9EA81FA9BD43006A61B2 /* HKChatActionBarView.xib */,
				ACEE9EAA1FA9C50D006A61B2 /* HKChatButton.swift */,
				ACEE9EAC1FA9C527006A61B2 /* HKChatButton+UI.swift */,
			);
			path = Views;
			sourceTree = "<group>";
		};
		73F2E8A91EA9E10E00C01989 = {
			isa = PBXGroup;
			children = (
				73F2E8B41EA9E10E00C01989 /* HelloKit */,
				73F2E8B31EA9E10E00C01989 /* Products */,
				02F6906A9112E8A62870927F /* Pods */,
				EEC74519E353C563C19F1236 /* Frameworks */,
			);
			sourceTree = "<group>";
		};
		73F2E8B31EA9E10E00C01989 /* Products */ = {
			isa = PBXGroup;
			children = (
				73F2E8B21EA9E10E00C01989 /* HelloKit.app */,
			);
			name = Products;
			sourceTree = "<group>";
		};
		73F2E8B41EA9E10E00C01989 /* HelloKit */ = {
			isa = PBXGroup;
			children = (
				731B619F1EAF504A00E6C851 /* Tips.playground */,
				73F2E8B51EA9E10E00C01989 /* AppDelegate.swift */,
				ACD9603C1F8F4A230025BFB6 /* Core */,
				ACD9603E1F8F4A230025BFB6 /* Macro */,
				AC972A1C1F7DEB5F00BFB4E0 /* Common */,
				73F2E8C71EA9F80900C01989 /* Classes */,
				73F2E8C81EA9F80900C01989 /* Resources */,
				73F2E8C91EA9F80900C01989 /* Supporting Files */,
			);
			path = HelloKit;
			sourceTree = "<group>";
		};
		73F2E8C71EA9F80900C01989 /* Classes */ = {
			isa = PBXGroup;
			children = (
				ACB829901F8E060B00BC8100 /* MessageList */,
				731B618D1EAE1DF400E6C851 /* Chat */,
				731B618E1EAE1DF400E6C851 /* Contacts */,
				731B61A71EB369AE00E6C851 /* Me */,
				731B618F1EAE1DF400E6C851 /* Discover */,
				73F2E8D11EA9F92000C01989 /* TabBar */,
			);
			path = Classes;
			sourceTree = "<group>";
		};
		73F2E8C81EA9F80900C01989 /* Resources */ = {
			isa = PBXGroup;
			children = (
				731B618B1EAE1A3A00E6C851 /* HKUIImage+WeChat.swift */,
				731B61891EAE192B00E6C851 /* Media.xcassets */,
				ACD91CA11F908DD800933693 /* message.json */,
				AC5B16EC1F989365002A5C85 /* contact.json */,
			);
			path = Resources;
			sourceTree = "<group>";
		};
		73F2E8C91EA9F80900C01989 /* Supporting Files */ = {
			isa = PBXGroup;
			children = (
				73F2E8CE1EA9F86B00C01989 /* Default-568h@2x.png */,
				73F2E8CA1EA9F80900C01989 /* Assets.xcassets */,
				73F2E8CB1EA9F80900C01989 /* Info.plist */,
			);
			path = "Supporting Files";
			sourceTree = "<group>";
		};
		73F2E8D11EA9F92000C01989 /* TabBar */ = {
			isa = PBXGroup;
			children = (
				73F2E8D21EA9FB7C00C01989 /* HKTabBar.swift */,
			);
			path = TabBar;
			sourceTree = "<group>";
		};
		AC5B16EE1F98A373002A5C85 /* Controller */ = {
			isa = PBXGroup;
			children = (
				AC5B16EF1F98A373002A5C85 /* HKDiscoverViewController.swift */,
				AC5B16F01F98A373002A5C85 /* HKDiscoverViewController.xib */,
			);
			path = Controller;
			sourceTree = "<group>";
		};
		AC5B16F11F98A373002A5C85 /* Model */ = {
			isa = PBXGroup;
			children = (
				AC5B16F51F98A389002A5C85 /* HKDiscoverModel.swift */,
			);
			path = Model;
			sourceTree = "<group>";
		};
		AC5B16F21F98A373002A5C85 /* View */ = {
			isa = PBXGroup;
			children = (
				AC5B16F71F98A3A7002A5C85 /* HKDiscoverTableViewCell.swift */,
				AC5B16F81F98A3A7002A5C85 /* HKDiscoverTableViewCell.xib */,
			);
			path = View;
			sourceTree = "<group>";
		};
		AC7AC2511F8CD0BB003EB12E /* Typealias */ = {
			isa = PBXGroup;
			children = (
				AC7AC2521F8CD0D5003EB12E /* HKTypealias.swift */,
			);
			path = Typealias;
			sourceTree = "<group>";
		};
		AC972A1C1F7DEB5F00BFB4E0 /* Common */ = {
			isa = PBXGroup;
			children = (
				ACA711291F8DB5FF00B95C35 /* Log */,
				AC7AC2511F8CD0BB003EB12E /* Typealias */,
				AC972A7C1F7E367E00DEDEE7 /* Function */,
				AC972A1D1F7DEB5F00BFB4E0 /* Enum */,
				AC972A1E1F7DEB5F00BFB4E0 /* Extension */,
				AC972A231F7DEB5F00BFB4E0 /* Model */,
			);
			path = Common;
			sourceTree = "<group>";
		};
		AC972A1D1F7DEB5F00BFB4E0 /* Enum */ = {
			isa = PBXGroup;
			children = (
				AC972A291F7DEBC800BFB4E0 /* HKMessageEnum.swift */,
			);
			path = Enum;
			sourceTree = "<group>";
		};
		AC972A1E1F7DEB5F00BFB4E0 /* Extension */ = {
			isa = PBXGroup;
			children = (
				AC972A1F1F7DEB5F00BFB4E0 /* NSObject+String.swift */,
				AC972A201F7DEB5F00BFB4E0 /* UIColor+HelloKit.swift */,
				AC972A211F7DEB5F00BFB4E0 /* UIView+Frame.swift */,
				AC972A221F7DEB5F00BFB4E0 /* UIViewController+Extension.swift */,
				AC972A7F1F7E422700DEDEE7 /* NSDate+Extension.swift */,
				AC3F0E5E1F7F6C3A0013712C /* UIImageView+HKKingfisher.swift */,
				ACF1CF781F90BE8300D63E83 /* NSDictionary+HKExtension.swift */,
			);
			path = Extension;
			sourceTree = "<group>";
		};
		AC972A231F7DEB5F00BFB4E0 /* Model */ = {
			isa = PBXGroup;
			children = (
			);
			path = Model;
			sourceTree = "<group>";
		};
		AC972A7C1F7E367E00DEDEE7 /* Function */ = {
			isa = PBXGroup;
			children = (
				AC972A7D1F7E36A900DEDEE7 /* HKTransformer.swift */,
			);
			path = Function;
			sourceTree = "<group>";
		};
		ACA711291F8DB5FF00B95C35 /* Log */ = {
			isa = PBXGroup;
			children = (
				ACA7112A1F8DB61900B95C35 /* HKLogger.swift */,
			);
			path = Log;
			sourceTree = "<group>";
		};
		ACB829901F8E060B00BC8100 /* MessageList */ = {
			isa = PBXGroup;
			children = (
				ACB829911F8E064500BC8100 /* Controllers */,
				ACB829941F8E064500BC8100 /* Models */,
				ACB829961F8E064500BC8100 /* Views */,
			);
			path = MessageList;
			sourceTree = "<group>";
		};
		ACB829911F8E064500BC8100 /* Controllers */ = {
			isa = PBXGroup;
			children = (
				ACB829921F8E064500BC8100 /* HKMessageViewController.swift */,
				ACB829931F8E064500BC8100 /* HKMessageViewController.xib */,
			);
			path = Controllers;
			sourceTree = "<group>";
		};
		ACB829941F8E064500BC8100 /* Models */ = {
			isa = PBXGroup;
			children = (
				ACB829951F8E064500BC8100 /* HKMessageModel.swift */,
			);
			path = Models;
			sourceTree = "<group>";
		};
		ACB829961F8E064500BC8100 /* Views */ = {
			isa = PBXGroup;
			children = (
				ACB829971F8E064500BC8100 /* HKMessageTableViewCell.swift */,
				ACB829981F8E064500BC8100 /* HKMessageTableViewCell.xib */,
			);
			path = Views;
			sourceTree = "<group>";
		};
		ACD91C9E1F905D5900933693 /* Helper */ = {
			isa = PBXGroup;
			children = (
				ACD91C9F1F905D8100933693 /* HKChatViewController+CellEnums.swift */,
				ACC3063C1FB070CE001474E3 /* UITableView+ChatAdditions.swift */,
			);
			path = Helper;
			sourceTree = "<group>";
		};
		ACD960361F8F36750025BFB6 /* Handler */ = {
			isa = PBXGroup;
			children = (
				ACD960371F8F375F0025BFB6 /* HKImageFilesManager.swift */,
				ACD960461F8F55F20025BFB6 /* HKChatCellDelegate.swift */,
				ACF81A471FB573CE0094D6B2 /* HKChatTextParser.swift */,
				ACF81A4B1FB5A4A10094D6B2 /* HKChatEmojiDictionary.swift */,
				ACFCA8DA1FB938480046ED14 /* HKYYTextLinePositionModifier.swift */,
			);
			path = Handler;
			sourceTree = "<group>";
		};
		ACD9603C1F8F4A230025BFB6 /* Core */ = {
			isa = PBXGroup;
			children = (
				ACD9603D1F8F4A230025BFB6 /* HKUserManager.swift */,
			);
			path = Core;
			sourceTree = "<group>";
		};
		ACD9603E1F8F4A230025BFB6 /* Macro */ = {
			isa = PBXGroup;
			children = (
				ACD960401F8F4A4D0025BFB6 /* HKConfig.swift */,
				ACD960421F8F4A590025BFB6 /* HKAppMacros.swift */,
			);
			path = Macro;
			sourceTree = "<group>";
		};
		ACDA6B711F99DB3200EB01A7 /* Controller */ = {
			isa = PBXGroup;
			children = (
				ACDA6B721F99DB3200EB01A7 /* HKMeViewController.swift */,
				ACDA6B731F99DB3200EB01A7 /* HKMeViewController.xib */,
			);
			path = Controller;
			sourceTree = "<group>";
		};
		ACDA6B741F99DB3200EB01A7 /* Models */ = {
			isa = PBXGroup;
			children = (
			);
			path = Models;
			sourceTree = "<group>";
		};
		ACDA6B751F99DB3200EB01A7 /* Views */ = {
			isa = PBXGroup;
			children = (
				ACDA6B7C1F99DB9000EB01A7 /* HKMyDetailTableViewCell.swift */,
				ACDA6B7D1F99DB9000EB01A7 /* HKMyDetailTableViewCell.xib */,
			);
			path = Views;
			sourceTree = "<group>";
		};
		ACEE9E9B1FA9BD2C006A61B2 /* Cells */ = {
			isa = PBXGroup;
			children = (
				ACEE9E9C1FA9BD2C006A61B2 /* HKChatBaseCell.swift */,
				AC5276C61FB3017700335182 /* HKChatImageCell.swift */,
				AC5276C71FB3017700335182 /* HKChatImageCell.xib */,
				AC5276C81FB3017700335182 /* HKChatSystemCell.swift */,
				AC5276C91FB3017700335182 /* HKChatSystemCell.xib */,
				AC5276CA1FB3017700335182 /* HKChatTextCell.swift */,
				ACC4DC4C1FB446F900EB887F /* HKChatTextCell+Constant.swift */,
				AC5276CB1FB3017700335182 /* HKChatTextCell.xib */,
				AC5276CC1FB3017700335182 /* HKChatTimeCell.swift */,
				AC5276CD1FB3017700335182 /* HKChatTimeCell.xib */,
				AC5276CE1FB3017700335182 /* HKChatVoiceCell.swift */,
				AC5276CF1FB3017700335182 /* HKChatVoiceCell.xib */,
			);
			path = Cells;
			sourceTree = "<group>";
		};
		ACF1CF681F90A4CB00D63E83 /* Controller */ = {
			isa = PBXGroup;
			children = (
				ACF1CF691F90A4CB00D63E83 /* HKContactViewController.swift */,
				ACF1CF6A1F90A4CB00D63E83 /* HKContactViewController.xib */,
			);
			path = Controller;
			sourceTree = "<group>";
		};
		ACF1CF6B1F90A4CB00D63E83 /* Handler */ = {
			isa = PBXGroup;
			children = (
			);
			path = Handler;
			sourceTree = "<group>";
		};
		ACF1CF6C1F90A4CB00D63E83 /* Models */ = {
			isa = PBXGroup;
			children = (
				ACF1CF761F90AEBB00D63E83 /* HKContactModel.swift */,
			);
			path = Models;
			sourceTree = "<group>";
		};
		ACF1CF6D1F90A4CB00D63E83 /* Views */ = {
			isa = PBXGroup;
			children = (
				ACF1CF701F90A4F600D63E83 /* HKContactTableViewCell.swift */,
				ACF1CF711F90A4F600D63E83 /* HKContactTableViewCell.xib */,
			);
			path = Views;
			sourceTree = "<group>";
		};
		EEC74519E353C563C19F1236 /* Frameworks */ = {
			isa = PBXGroup;
			children = (
				AFBFBEB527B6EB97DB3E29CB /* Pods_HelloKit.framework */,
			);
			name = Frameworks;
			sourceTree = "<group>";
		};
/* End PBXGroup section */

/* Begin PBXNativeTarget section */
		73F2E8B11EA9E10E00C01989 /* HelloKit */ = {
			isa = PBXNativeTarget;
			buildConfigurationList = 73F2E8C41EA9E10E00C01989 /* Build configuration list for PBXNativeTarget "HelloKit" */;
			buildPhases = (
				E8B36591AB0E4B441932DBA0 /* [CP] Check Pods Manifest.lock */,
				73F2E8AE1EA9E10E00C01989 /* Sources */,
				73F2E8AF1EA9E10E00C01989 /* Frameworks */,
				73F2E8B01EA9E10E00C01989 /* Resources */,
				405E2E4CCE1DD62473C3613C /* [CP] Embed Pods Frameworks */,
				E2808759CA49F11DA4316C35 /* [CP] Copy Pods Resources */,
			);
			buildRules = (
			);
			dependencies = (
			);
			name = HelloKit;
			productName = HelloKit;
			productReference = 73F2E8B21EA9E10E00C01989 /* HelloKit.app */;
			productType = "com.apple.product-type.application";
		};
/* End PBXNativeTarget section */

/* Begin PBXProject section */
		73F2E8AA1EA9E10E00C01989 /* Project object */ = {
			isa = PBXProject;
			attributes = {
				LastSwiftUpdateCheck = 0830;
				LastUpgradeCheck = 0830;
				ORGANIZATIONNAME = Weelh;
				TargetAttributes = {
					73F2E8B11EA9E10E00C01989 = {
						CreatedOnToolsVersion = 8.3;
						DevelopmentTeam = B6F9N4WUT7;
						ProvisioningStyle = Automatic;
					};
				};
			};
			buildConfigurationList = 73F2E8AD1EA9E10E00C01989 /* Build configuration list for PBXProject "HelloKit" */;
			compatibilityVersion = "Xcode 3.2";
			developmentRegion = English;
			hasScannedForEncodings = 0;
			knownRegions = (
				en,
				Base,
			);
			mainGroup = 73F2E8A91EA9E10E00C01989;
			productRefGroup = 73F2E8B31EA9E10E00C01989 /* Products */;
			projectDirPath = "";
			projectRoot = "";
			targets = (
				73F2E8B11EA9E10E00C01989 /* HelloKit */,
			);
		};
/* End PBXProject section */

/* Begin PBXResourcesBuildPhase section */
		73F2E8B01EA9E10E00C01989 /* Resources */ = {
			isa = PBXResourcesBuildPhase;
			buildActionMask = 2147483647;
			files = (
				AC5276D31FB3017700335182 /* HKChatSystemCell.xib in Resources */,
				AC5B16ED1F989365002A5C85 /* contact.json in Resources */,
				73F2E8CC1EA9F80900C01989 /* Assets.xcassets in Resources */,
				AC5B16FA1F98A3A7002A5C85 /* HKDiscoverTableViewCell.xib in Resources */,
				731B618A1EAE192B00E6C851 /* Media.xcassets in Resources */,
				ACF1CF731F90A4F600D63E83 /* HKContactTableViewCell.xib in Resources */,
				ACDA6B7F1F99DB9000EB01A7 /* HKMyDetailTableViewCell.xib in Resources */,
				ACB8299D1F8E064500BC8100 /* HKMessageTableViewCell.xib in Resources */,
				AC5B16F41F98A373002A5C85 /* HKDiscoverViewController.xib in Resources */,
				AC5276D71FB3017700335182 /* HKChatTimeCell.xib in Resources */,
				ACB829A31F8E104400BC8100 /* HKChatViewController.xib in Resources */,
				73F2E8CF1EA9F86B00C01989 /* Default-568h@2x.png in Resources */,
				AC5276D11FB3017700335182 /* HKChatImageCell.xib in Resources */,
				ACB8299A1F8E064500BC8100 /* HKMessageViewController.xib in Resources */,
				ACF1CF6F1F90A4CB00D63E83 /* HKContactViewController.xib in Resources */,
				ACEE9EA91FA9BD43006A61B2 /* HKChatActionBarView.xib in Resources */,
				AC5276D51FB3017700335182 /* HKChatTextCell.xib in Resources */,
				AC5276D91FB3017700335182 /* HKChatVoiceCell.xib in Resources */,
				ACD91CA21F908DD800933693 /* message.json in Resources */,
				ACDA6B771F99DB3200EB01A7 /* HKMeViewController.xib in Resources */,
			);
			runOnlyForDeploymentPostprocessing = 0;
		};
/* End PBXResourcesBuildPhase section */

/* Begin PBXShellScriptBuildPhase section */
		405E2E4CCE1DD62473C3613C /* [CP] Embed Pods Frameworks */ = {
			isa = PBXShellScriptBuildPhase;
			buildActionMask = 2147483647;
			files = (
			);
			inputPaths = (
				"${SRCROOT}/Pods/Target Support Files/Pods-HelloKit/Pods-HelloKit-frameworks.sh",
				"${BUILT_PRODUCTS_DIR}/Alamofire/Alamofire.framework",
				"${BUILT_PRODUCTS_DIR}/BSGridCollectionViewLayout/BSGridCollectionViewLayout.framework",
				"${BUILT_PRODUCTS_DIR}/BSImagePicker/BSImagePicker.framework",
				"${BUILT_PRODUCTS_DIR}/Cent/Cent.framework",
				"${BUILT_PRODUCTS_DIR}/Dollar/Dollar.framework",
				"${BUILT_PRODUCTS_DIR}/INTULocationManager/INTULocationManager.framework",
				"${BUILT_PRODUCTS_DIR}/KeychainAccess/KeychainAccess.framework",
				"${BUILT_PRODUCTS_DIR}/Kingfisher/Kingfisher.framework",
				"${BUILT_PRODUCTS_DIR}/ObjectMapper/ObjectMapper.framework",
				"${BUILT_PRODUCTS_DIR}/RxBlocking/RxBlocking.framework",
				"${BUILT_PRODUCTS_DIR}/RxCocoa/RxCocoa.framework",
				"${BUILT_PRODUCTS_DIR}/RxSwift/RxSwift.framework",
				"${BUILT_PRODUCTS_DIR}/SVProgressHUD/SVProgressHUD.framework",
				"${BUILT_PRODUCTS_DIR}/SnapKit/SnapKit.framework",
				"${BUILT_PRODUCTS_DIR}/SwiftyJSON/SwiftyJSON.framework",
				"${BUILT_PRODUCTS_DIR}/TSVoiceConverter/TSVoiceConverter.framework",
				"${BUILT_PRODUCTS_DIR}/TimedSilver/TimedSilver.framework",
				"${BUILT_PRODUCTS_DIR}/UIColor_Hex_Swift/UIColor_Hex_Swift.framework",
				"${BUILT_PRODUCTS_DIR}/UIImageViewModeScaleAspect/UIImageViewModeScaleAspect.framework",
				"${BUILT_PRODUCTS_DIR}/XCGLogger/XCGLogger.framework",
				"${BUILT_PRODUCTS_DIR}/XLActionController/XLActionController.framework",
				"${BUILT_PRODUCTS_DIR}/YYText/YYText.framework",
			);
			name = "[CP] Embed Pods Frameworks";
			outputPaths = (
				"${TARGET_BUILD_DIR}/${FRAMEWORKS_FOLDER_PATH}/Alamofire.framework",
				"${TARGET_BUILD_DIR}/${FRAMEWORKS_FOLDER_PATH}/BSGridCollectionViewLayout.framework",
				"${TARGET_BUILD_DIR}/${FRAMEWORKS_FOLDER_PATH}/BSImagePicker.framework",
				"${TARGET_BUILD_DIR}/${FRAMEWORKS_FOLDER_PATH}/Cent.framework",
				"${TARGET_BUILD_DIR}/${FRAMEWORKS_FOLDER_PATH}/Dollar.framework",
				"${TARGET_BUILD_DIR}/${FRAMEWORKS_FOLDER_PATH}/INTULocationManager.framework",
				"${TARGET_BUILD_DIR}/${FRAMEWORKS_FOLDER_PATH}/KeychainAccess.framework",
				"${TARGET_BUILD_DIR}/${FRAMEWORKS_FOLDER_PATH}/Kingfisher.framework",
				"${TARGET_BUILD_DIR}/${FRAMEWORKS_FOLDER_PATH}/ObjectMapper.framework",
				"${TARGET_BUILD_DIR}/${FRAMEWORKS_FOLDER_PATH}/RxBlocking.framework",
				"${TARGET_BUILD_DIR}/${FRAMEWORKS_FOLDER_PATH}/RxCocoa.framework",
				"${TARGET_BUILD_DIR}/${FRAMEWORKS_FOLDER_PATH}/RxSwift.framework",
				"${TARGET_BUILD_DIR}/${FRAMEWORKS_FOLDER_PATH}/SVProgressHUD.framework",
				"${TARGET_BUILD_DIR}/${FRAMEWORKS_FOLDER_PATH}/SnapKit.framework",
				"${TARGET_BUILD_DIR}/${FRAMEWORKS_FOLDER_PATH}/SwiftyJSON.framework",
				"${TARGET_BUILD_DIR}/${FRAMEWORKS_FOLDER_PATH}/TSVoiceConverter.framework",
				"${TARGET_BUILD_DIR}/${FRAMEWORKS_FOLDER_PATH}/TimedSilver.framework",
				"${TARGET_BUILD_DIR}/${FRAMEWORKS_FOLDER_PATH}/UIColor_Hex_Swift.framework",
				"${TARGET_BUILD_DIR}/${FRAMEWORKS_FOLDER_PATH}/UIImageViewModeScaleAspect.framework",
				"${TARGET_BUILD_DIR}/${FRAMEWORKS_FOLDER_PATH}/XCGLogger.framework",
				"${TARGET_BUILD_DIR}/${FRAMEWORKS_FOLDER_PATH}/XLActionController.framework",
				"${TARGET_BUILD_DIR}/${FRAMEWORKS_FOLDER_PATH}/YYText.framework",
			);
			runOnlyForDeploymentPostprocessing = 0;
			shellPath = /bin/sh;
			shellScript = "\"${SRCROOT}/Pods/Target Support Files/Pods-HelloKit/Pods-HelloKit-frameworks.sh\"\n";
			showEnvVarsInLog = 0;
		};
		E2808759CA49F11DA4316C35 /* [CP] Copy Pods Resources */ = {
			isa = PBXShellScriptBuildPhase;
			buildActionMask = 2147483647;
			files = (
			);
			inputPaths = (
			);
			name = "[CP] Copy Pods Resources";
			outputPaths = (
			);
			runOnlyForDeploymentPostprocessing = 0;
			shellPath = /bin/sh;
			shellScript = "\"${SRCROOT}/Pods/Target Support Files/Pods-HelloKit/Pods-HelloKit-resources.sh\"\n";
			showEnvVarsInLog = 0;
		};
		E8B36591AB0E4B441932DBA0 /* [CP] Check Pods Manifest.lock */ = {
			isa = PBXShellScriptBuildPhase;
			buildActionMask = 2147483647;
			files = (
			);
			inputPaths = (
				"${PODS_PODFILE_DIR_PATH}/Podfile.lock",
				"${PODS_ROOT}/Manifest.lock",
			);
			name = "[CP] Check Pods Manifest.lock";
			outputPaths = (
				"$(DERIVED_FILE_DIR)/Pods-HelloKit-checkManifestLockResult.txt",
			);
			runOnlyForDeploymentPostprocessing = 0;
			shellPath = /bin/sh;
			shellScript = "diff \"${PODS_PODFILE_DIR_PATH}/Podfile.lock\" \"${PODS_ROOT}/Manifest.lock\" > /dev/null\nif [ $? != 0 ] ; then\n    # print error to STDERR\n    echo \"error: The sandbox is not in sync with the Podfile.lock. Run 'pod install' or update your CocoaPods installation.\" >&2\n    exit 1\nfi\n# This output is used by Xcode 'outputs' to avoid re-running this script phase.\necho \"SUCCESS\" > \"${SCRIPT_OUTPUT_FILE_0}\"\n";
			showEnvVarsInLog = 0;
		};
/* End PBXShellScriptBuildPhase section */

/* Begin PBXSourcesBuildPhase section */
		73F2E8AE1EA9E10E00C01989 /* Sources */ = {
			isa = PBXSourcesBuildPhase;
			buildActionMask = 2147483647;
			files = (
				AC972A271F7DEB5F00BFB4E0 /* UIViewController+Extension.swift in Sources */,
				73F2E8D31EA9FB7C00C01989 /* HKTabBar.swift in Sources */,
				ACB829991F8E064500BC8100 /* HKMessageViewController.swift in Sources */,
				ACEE9E8E1FA8831C006A61B2 /* HKChatViewController+Subviews.swift in Sources */,
				ACEE9E981FA99ADB006A61B2 /* HKChatViewController+Sender.swift in Sources */,
				ACF81A4C1FB5A4A10094D6B2 /* HKChatEmojiDictionary.swift in Sources */,
				AC5276D61FB3017700335182 /* HKChatTimeCell.swift in Sources */,
				ACEE9EAB1FA9C50D006A61B2 /* HKChatButton.swift in Sources */,
				AC5276D81FB3017700335182 /* HKChatVoiceCell.swift in Sources */,
				ACD960471F8F55F20025BFB6 /* HKChatCellDelegate.swift in Sources */,
				ACEE9E901FA8853D006A61B2 /* HKChatViewController+Delegate.swift in Sources */,
				AC972A7E1F7E36A900DEDEE7 /* HKTransformer.swift in Sources */,
				ACD960381F8F375F0025BFB6 /* HKImageFilesManager.swift in Sources */,
				AC972A251F7DEB5F00BFB4E0 /* UIColor+HelloKit.swift in Sources */,
				AC3F0E5F1F7F6C3A0013712C /* UIImageView+HKKingfisher.swift in Sources */,
				ACF1CF721F90A4F600D63E83 /* HKContactTableViewCell.swift in Sources */,
				AC972A241F7DEB5F00BFB4E0 /* NSObject+String.swift in Sources */,
				AC5B16F61F98A389002A5C85 /* HKDiscoverModel.swift in Sources */,
				ACB8299C1F8E064500BC8100 /* HKMessageTableViewCell.swift in Sources */,
				ACD9603F1F8F4A230025BFB6 /* HKUserManager.swift in Sources */,
				ACEE9E941FA9995E006A61B2 /* HKChatViewController+ActionBar.swift in Sources */,
				ACF81A481FB573CE0094D6B2 /* HKChatTextParser.swift in Sources */,
				AC972A801F7E422700DEDEE7 /* NSDate+Extension.swift in Sources */,
				AC5B16F31F98A373002A5C85 /* HKDiscoverViewController.swift in Sources */,
				ACD960431F8F4A590025BFB6 /* HKAppMacros.swift in Sources */,
				AC5B16F91F98A3A7002A5C85 /* HKDiscoverTableViewCell.swift in Sources */,
				ACC3063D1FB070CE001474E3 /* UITableView+ChatAdditions.swift in Sources */,
				ACFCA8DB1FB938480046ED14 /* HKYYTextLinePositionModifier.swift in Sources */,
				ACEE9E9A1FA9BCF8006A61B2 /* HKChatActionBarView.swift in Sources */,
				731B618C1EAE1A3A00E6C851 /* HKUIImage+WeChat.swift in Sources */,
				AC5276D01FB3017700335182 /* HKChatImageCell.swift in Sources */,
				ACD960411F8F4A4D0025BFB6 /* HKConfig.swift in Sources */,
				ACD91CA01F905D8100933693 /* HKChatViewController+CellEnums.swift in Sources */,
				ACC4DC4D1FB446F900EB887F /* HKChatTextCell+Constant.swift in Sources */,
				ACB8299B1F8E064500BC8100 /* HKMessageModel.swift in Sources */,
				ACD960331F8F10510025BFB6 /* HKChatSubModel.swift in Sources */,
				ACC3063B1FB05E10001474E3 /* HKChatViewController+DataHandler.swift in Sources */,
				ACA7112B1F8DB61900B95C35 /* HKLogger.swift in Sources */,
				ACD9602F1F8F0E290025BFB6 /* HKChatModel.swift in Sources */,
				ACF1CF6E1F90A4CB00D63E83 /* HKContactViewController.swift in Sources */,
				ACEE9E921FA99933006A61B2 /* HKChatViewController+Keyboard.swift in Sources */,
				AC972A261F7DEB5F00BFB4E0 /* UIView+Frame.swift in Sources */,
				ACF1CF771F90AEBB00D63E83 /* HKContactModel.swift in Sources */,
				73F2E8B61EA9E10E00C01989 /* AppDelegate.swift in Sources */,
				ACD960351F8F34E80025BFB6 /* HKChatImageModel.swift in Sources */,
				ACD960311F8F10120025BFB6 /* HKChatAudioModel.swift in Sources */,
				ACEE9EAD1FA9C527006A61B2 /* HKChatButton+UI.swift in Sources */,
				ACEE9EA21FA9BD2C006A61B2 /* HKChatBaseCell.swift in Sources */,
				ACF1CF791F90BE8300D63E83 /* NSDictionary+HKExtension.swift in Sources */,
				ACDA6B761F99DB3200EB01A7 /* HKMeViewController.swift in Sources */,
				AC5276D21FB3017700335182 /* HKChatSystemCell.swift in Sources */,
				AC5276D41FB3017700335182 /* HKChatTextCell.swift in Sources */,
				ACDA6B7E1F99DB9000EB01A7 /* HKMyDetailTableViewCell.swift in Sources */,
				AC972A2A1F7DEBC800BFB4E0 /* HKMessageEnum.swift in Sources */,
				AC7AC2531F8CD0D5003EB12E /* HKTypealias.swift in Sources */,
				ACB829A21F8E104400BC8100 /* HKChatViewController.swift in Sources */,
			);
			runOnlyForDeploymentPostprocessing = 0;
		};
/* End PBXSourcesBuildPhase section */

/* Begin XCBuildConfiguration section */
		73F2E8C21EA9E10E00C01989 /* Debug */ = {
			isa = XCBuildConfiguration;
			buildSettings = {
				ALWAYS_SEARCH_USER_PATHS = NO;
				CLANG_ANALYZER_NONNULL = YES;
				CLANG_ANALYZER_NUMBER_OBJECT_CONVERSION = YES_AGGRESSIVE;
				CLANG_CXX_LANGUAGE_STANDARD = "gnu++0x";
				CLANG_CXX_LIBRARY = "libc++";
				CLANG_ENABLE_MODULES = YES;
				CLANG_ENABLE_OBJC_ARC = YES;
				CLANG_WARN_BOOL_CONVERSION = YES;
				CLANG_WARN_CONSTANT_CONVERSION = YES;
				CLANG_WARN_DIRECT_OBJC_ISA_USAGE = YES_ERROR;
				CLANG_WARN_DOCUMENTATION_COMMENTS = YES;
				CLANG_WARN_EMPTY_BODY = YES;
				CLANG_WARN_ENUM_CONVERSION = YES;
				CLANG_WARN_INFINITE_RECURSION = YES;
				CLANG_WARN_INT_CONVERSION = YES;
				CLANG_WARN_OBJC_ROOT_CLASS = YES_ERROR;
				CLANG_WARN_SUSPICIOUS_MOVE = YES;
				CLANG_WARN_UNREACHABLE_CODE = YES;
				CLANG_WARN__DUPLICATE_METHOD_MATCH = YES;
				"CODE_SIGN_IDENTITY[sdk=iphoneos*]" = "iPhone Developer";
				COPY_PHASE_STRIP = NO;
				DEBUG_INFORMATION_FORMAT = dwarf;
				ENABLE_STRICT_OBJC_MSGSEND = YES;
				ENABLE_TESTABILITY = YES;
				GCC_C_LANGUAGE_STANDARD = gnu99;
				GCC_DYNAMIC_NO_PIC = NO;
				GCC_NO_COMMON_BLOCKS = YES;
				GCC_OPTIMIZATION_LEVEL = 0;
				GCC_PREPROCESSOR_DEFINITIONS = (
					"DEBUG=1",
					"$(inherited)",
				);
				GCC_WARN_64_TO_32_BIT_CONVERSION = YES;
				GCC_WARN_ABOUT_RETURN_TYPE = YES_ERROR;
				GCC_WARN_UNDECLARED_SELECTOR = YES;
				GCC_WARN_UNINITIALIZED_AUTOS = YES_AGGRESSIVE;
				GCC_WARN_UNUSED_FUNCTION = YES;
				GCC_WARN_UNUSED_VARIABLE = YES;
				IPHONEOS_DEPLOYMENT_TARGET = 10.3;
				MTL_ENABLE_DEBUG_INFO = YES;
				ONLY_ACTIVE_ARCH = YES;
				SDKROOT = iphoneos;
				SWIFT_ACTIVE_COMPILATION_CONDITIONS = DEBUG;
				SWIFT_OPTIMIZATION_LEVEL = "-Onone";
				TARGETED_DEVICE_FAMILY = "1,2";
			};
			name = Debug;
		};
		73F2E8C31EA9E10E00C01989 /* Release */ = {
			isa = XCBuildConfiguration;
			buildSettings = {
				ALWAYS_SEARCH_USER_PATHS = NO;
				CLANG_ANALYZER_NONNULL = YES;
				CLANG_ANALYZER_NUMBER_OBJECT_CONVERSION = YES_AGGRESSIVE;
				CLANG_CXX_LANGUAGE_STANDARD = "gnu++0x";
				CLANG_CXX_LIBRARY = "libc++";
				CLANG_ENABLE_MODULES = YES;
				CLANG_ENABLE_OBJC_ARC = YES;
				CLANG_WARN_BOOL_CONVERSION = YES;
				CLANG_WARN_CONSTANT_CONVERSION = YES;
				CLANG_WARN_DIRECT_OBJC_ISA_USAGE = YES_ERROR;
				CLANG_WARN_DOCUMENTATION_COMMENTS = YES;
				CLANG_WARN_EMPTY_BODY = YES;
				CLANG_WARN_ENUM_CONVERSION = YES;
				CLANG_WARN_INFINITE_RECURSION = YES;
				CLANG_WARN_INT_CONVERSION = YES;
				CLANG_WARN_OBJC_ROOT_CLASS = YES_ERROR;
				CLANG_WARN_SUSPICIOUS_MOVE = YES;
				CLANG_WARN_UNREACHABLE_CODE = YES;
				CLANG_WARN__DUPLICATE_METHOD_MATCH = YES;
				"CODE_SIGN_IDENTITY[sdk=iphoneos*]" = "iPhone Developer";
				COPY_PHASE_STRIP = NO;
				DEBUG_INFORMATION_FORMAT = "dwarf-with-dsym";
				ENABLE_NS_ASSERTIONS = NO;
				ENABLE_STRICT_OBJC_MSGSEND = YES;
				GCC_C_LANGUAGE_STANDARD = gnu99;
				GCC_NO_COMMON_BLOCKS = YES;
				GCC_WARN_64_TO_32_BIT_CONVERSION = YES;
				GCC_WARN_ABOUT_RETURN_TYPE = YES_ERROR;
				GCC_WARN_UNDECLARED_SELECTOR = YES;
				GCC_WARN_UNINITIALIZED_AUTOS = YES_AGGRESSIVE;
				GCC_WARN_UNUSED_FUNCTION = YES;
				GCC_WARN_UNUSED_VARIABLE = YES;
				IPHONEOS_DEPLOYMENT_TARGET = 10.3;
				MTL_ENABLE_DEBUG_INFO = NO;
				SDKROOT = iphoneos;
				SWIFT_OPTIMIZATION_LEVEL = "-Owholemodule";
				TARGETED_DEVICE_FAMILY = "1,2";
				VALIDATE_PRODUCT = YES;
			};
			name = Release;
		};
		73F2E8C51EA9E10E00C01989 /* Debug */ = {
			isa = XCBuildConfiguration;
			baseConfigurationReference = FC33EDF2CCC779840CB196B2 /* Pods-HelloKit.debug.xcconfig */;
			buildSettings = {
				ASSETCATALOG_COMPILER_APPICON_NAME = AppIcon;
				DEVELOPMENT_TEAM = B6F9N4WUT7;
				GCC_WARN_UNUSED_VALUE = NO;
				GCC_WARN_UNUSED_VARIABLE = NO;
				INFOPLIST_FILE = "$(SRCROOT)/HelloKit/Supporting Files/Info.plist";
				LD_RUNPATH_SEARCH_PATHS = "$(inherited) @executable_path/Frameworks";
				OTHER_SWIFT_FLAGS = "$(inherited) \"-D\" \"COCOAPODS\" -D USE_NSLOG";
				PRODUCT_BUNDLE_IDENTIFIER = com.SmallMario.HelloKit;
				PRODUCT_NAME = "$(TARGET_NAME)";
				SWIFT_VERSION = 3.0;
				TARGETED_DEVICE_FAMILY = 1;
			};
			name = Debug;
		};
		73F2E8C61EA9E10E00C01989 /* Release */ = {
			isa = XCBuildConfiguration;
			baseConfigurationReference = 8BF5471A8FB98D97BF1775F1 /* Pods-HelloKit.release.xcconfig */;
			buildSettings = {
				ASSETCATALOG_COMPILER_APPICON_NAME = AppIcon;
				DEVELOPMENT_TEAM = B6F9N4WUT7;
				GCC_WARN_UNUSED_VALUE = NO;
				GCC_WARN_UNUSED_VARIABLE = NO;
				INFOPLIST_FILE = "$(SRCROOT)/HelloKit/Supporting Files/Info.plist";
				LD_RUNPATH_SEARCH_PATHS = "$(inherited) @executable_path/Frameworks";
				OTHER_SWIFT_FLAGS = "$(inherited) \"-D\" \"COCOAPODS\"";
				PRODUCT_BUNDLE_IDENTIFIER = com.SmallMario.HelloKit;
				PRODUCT_NAME = "$(TARGET_NAME)";
				SWIFT_VERSION = 3.0;
				TARGETED_DEVICE_FAMILY = 1;
			};
			name = Release;
		};
/* End XCBuildConfiguration section */

/* Begin XCConfigurationList section */
		73F2E8AD1EA9E10E00C01989 /* Build configuration list for PBXProject "HelloKit" */ = {
			isa = XCConfigurationList;
			buildConfigurations = (
				73F2E8C21EA9E10E00C01989 /* Debug */,
				73F2E8C31EA9E10E00C01989 /* Release */,
			);
			defaultConfigurationIsVisible = 0;
			defaultConfigurationName = Release;
		};
		73F2E8C41EA9E10E00C01989 /* Build configuration list for PBXNativeTarget "HelloKit" */ = {
			isa = XCConfigurationList;
			buildConfigurations = (
				73F2E8C51EA9E10E00C01989 /* Debug */,
				73F2E8C61EA9E10E00C01989 /* Release */,
			);
			defaultConfigurationIsVisible = 0;
			defaultConfigurationName = Release;
		};
/* End XCConfigurationList section */
	};
	rootObject = 73F2E8AA1EA9E10E00C01989 /* Project object */;
}
